
Microsoft Visual Studio Solution File, Format Version 12.00
# Visual Studio Version 16
VisualStudioVersion = 16.0.31105.61
MinimumVisualStudioVersion = 10.0.40219.1
Project("{9A19103F-16F7-4668-BE54-9A1E7A4F7556}") = "Coordinates", "Coordinats\Coordinates.csproj", "{A70AE5E5-2250-405E-BA0B-3369AF21D68E}"
EndProject
Project("{9A19103F-16F7-4668-BE54-9A1E7A4F7556}") = "ChessGame", "ChessGame\ChessGame.csproj", "{0994B6FB-91F2-4996-B725-843045346073}"
EndProject
Project("{9A19103F-16F7-4668-BE54-9A1E7A4F7556}") = "Utility", "Utility\Utility.csproj", "{97BF1B1F-E25A-42E7-A0A6-88A5A112CCD3}"
EndProject
Project("{9A19103F-16F7-4668-BE54-9A1E7A4F7556}") = "ManagerFKG", "ManagerFKG\ManagerFKG.csproj", "{81C64E65-D733-4B01-8CFA-CDFFA26C62E1}"
EndProject
Project("{9A19103F-16F7-4668-BE54-9A1E7A4F7556}") = "Figure", "Figure\Figure.csproj", "{3F4709B6-03A2-40F0-B56B-A1F6E7136881}"
EndProject
Project("{FAE04EC0-301F-11D3-BF4B-00C04F79EFBC}") = "Helper", "Helper\Helper.csproj", "{51744A69-E64A-4FC0-B1AF-25393F346C4E}"
EndProject
Global
	GlobalSection(SolutionConfigurationPlatforms) = preSolution
		Debug|Any CPU = Debug|Any CPU
		Release|Any CPU = Release|Any CPU
	EndGlobalSection
	GlobalSection(ProjectConfigurationPlatforms) = postSolution
		{A70AE5E5-2250-405E-BA0B-3369AF21D68E}.Debug|Any CPU.ActiveCfg = Debug|Any CPU
		{A70AE5E5-2250-405E-BA0B-3369AF21D68E}.Debug|Any CPU.Build.0 = Debug|Any CPU
		{A70AE5E5-2250-405E-BA0B-3369AF21D68E}.Release|Any CPU.ActiveCfg = Release|Any CPU
		{A70AE5E5-2250-405E-BA0B-3369AF21D68E}.Release|Any CPU.Build.0 = Release|Any CPU
		{0994B6FB-91F2-4996-B725-843045346073}.Debug|Any CPU.ActiveCfg = Debug|Any CPU
		{0994B6FB-91F2-4996-B725-843045346073}.Debug|Any CPU.Build.0 = Debug|Any CPU
		{0994B6FB-91F2-4996-B725-843045346073}.Release|Any CPU.ActiveCfg = Release|Any CPU
		{0994B6FB-91F2-4996-B725-843045346073}.Release|Any CPU.Build.0 = Release|Any CPU
		{97BF1B1F-E25A-42E7-A0A6-88A5A112CCD3}.Debug|Any CPU.ActiveCfg = Debug|Any CPU
		{97BF1B1F-E25A-42E7-A0A6-88A5A112CCD3}.Debug|Any CPU.Build.0 = Debug|Any CPU
		{97BF1B1F-E25A-42E7-A0A6-88A5A112CCD3}.Release|Any CPU.ActiveCfg = Release|Any CPU
		{97BF1B1F-E25A-42E7-A0A6-88A5A112CCD3}.Release|Any CPU.Build.0 = Release|Any CPU
		{81C64E65-D733-4B01-8CFA-CDFFA26C62E1}.Debug|Any CPU.ActiveCfg = Debug|Any CPU
		{81C64E65-D733-4B01-8CFA-CDFFA26C62E1}.Debug|Any CPU.Build.0 = Debug|Any CPU
		{81C64E65-D733-4B01-8CFA-CDFFA26C62E1}.Release|Any CPU.ActiveCfg = Release|Any CPU
		{81C64E65-D733-4B01-8CFA-CDFFA26C62E1}.Release|Any CPU.Build.0 = Release|Any CPU
		{3F4709B6-03A2-40F0-B56B-A1F6E7136881}.Debug|Any CPU.ActiveCfg = Debug|Any CPU
		{3F4709B6-03A2-40F0-B56B-A1F6E7136881}.Debug|Any CPU.Build.0 = Debug|Any CPU
		{3F4709B6-03A2-40F0-B56B-A1F6E7136881}.Release|Any CPU.ActiveCfg = Release|Any CPU
		{3F4709B6-03A2-40F0-B56B-A1F6E7136881}.Release|Any CPU.Build.0 = Release|Any CPU
		{51744A69-E64A-4FC0-B1AF-25393F346C4E}.Debug|Any CPU.ActiveCfg = Debug|Any CPU
		{51744A69-E64A-4FC0-B1AF-25393F346C4E}.Debug|Any CPU.Build.0 = Debug|Any CPU
		{51744A69-E64A-4FC0-B1AF-25393F346C4E}.Release|Any CPU.ActiveCfg = Release|Any CPU
		{51744A69-E64A-4FC0-B1AF-25393F346C4E}.Release|Any CPU.Build.0 = Release|Any CPU
	EndGlobalSection
	GlobalSection(SolutionProperties) = preSolution
		HideSolutionNode = FALSE
	EndGlobalSection
	GlobalSection(ExtensibilityGlobals) = postSolution
		SolutionGuid = {4B3C6020-C8B6-40B1-9FDA-ABDD824F583F}
	EndGlobalSection
EndGlobal
