
Microsoft Visual Studio Solution File, Format Version 12.00
# Visual Studio Version 16
VisualStudioVersion = 16.0.31105.61
MinimumVisualStudioVersion = 10.0.40219.1
Project("{9A19103F-16F7-4668-BE54-9A1E7A4F7556}") = "ChessGame", "ChessGame\ChessGame.csproj", "{0994B6FB-91F2-4996-B725-843045346073}"
EndProject
Project("{9A19103F-16F7-4668-BE54-9A1E7A4F7556}") = "Utility", "Utility\Utility.csproj", "{97BF1B1F-E25A-42E7-A0A6-88A5A112CCD3}"
EndProject
Project("{9A19103F-16F7-4668-BE54-9A1E7A4F7556}") = "Figure", "Figure\Figure.csproj", "{3F4709B6-03A2-40F0-B56B-A1F6E7136881}"
EndProject
Project("{FAE04EC0-301F-11D3-BF4B-00C04F79EFBC}") = "GameManager", "GameManager\GameManager.csproj", "{BFC84385-8680-473E-83E1-61974EB563E6}"
EndProject
Global
	GlobalSection(SolutionConfigurationPlatforms) = preSolution
		Debug|Any CPU = Debug|Any CPU
		Release|Any CPU = Release|Any CPU
	EndGlobalSection
	GlobalSection(ProjectConfigurationPlatforms) = postSolution
		{0994B6FB-91F2-4996-B725-843045346073}.Debug|Any CPU.ActiveCfg = Debug|Any CPU
		{0994B6FB-91F2-4996-B725-843045346073}.Debug|Any CPU.Build.0 = Debug|Any CPU
		{0994B6FB-91F2-4996-B725-843045346073}.Release|Any CPU.ActiveCfg = Release|Any CPU
		{0994B6FB-91F2-4996-B725-843045346073}.Release|Any CPU.Build.0 = Release|Any CPU
		{97BF1B1F-E25A-42E7-A0A6-88A5A112CCD3}.Debug|Any CPU.ActiveCfg = Debug|Any CPU
		{97BF1B1F-E25A-42E7-A0A6-88A5A112CCD3}.Debug|Any CPU.Build.0 = Debug|Any CPU
		{97BF1B1F-E25A-42E7-A0A6-88A5A112CCD3}.Release|Any CPU.ActiveCfg = Release|Any CPU
		{97BF1B1F-E25A-42E7-A0A6-88A5A112CCD3}.Release|Any CPU.Build.0 = Release|Any CPU
		{3F4709B6-03A2-40F0-B56B-A1F6E7136881}.Debug|Any CPU.ActiveCfg = Debug|Any CPU
		{3F4709B6-03A2-40F0-B56B-A1F6E7136881}.Debug|Any CPU.Build.0 = Debug|Any CPU
		{3F4709B6-03A2-40F0-B56B-A1F6E7136881}.Release|Any CPU.ActiveCfg = Release|Any CPU
		{3F4709B6-03A2-40F0-B56B-A1F6E7136881}.Release|Any CPU.Build.0 = Release|Any CPU
		{BFC84385-8680-473E-83E1-61974EB563E6}.Debug|Any CPU.ActiveCfg = Debug|Any CPU
		{BFC84385-8680-473E-83E1-61974EB563E6}.Debug|Any CPU.Build.0 = Debug|Any CPU
		{BFC84385-8680-473E-83E1-61974EB563E6}.Release|Any CPU.ActiveCfg = Release|Any CPU
		{BFC84385-8680-473E-83E1-61974EB563E6}.Release|Any CPU.Build.0 = Release|Any CPU
	EndGlobalSection
	GlobalSection(SolutionProperties) = preSolution
		HideSolutionNode = FALSE
	EndGlobalSection
	GlobalSection(ExtensibilityGlobals) = postSolution
		SolutionGuid = {4B3C6020-C8B6-40B1-9FDA-ABDD824F583F}
	EndGlobalSection
EndGlobal
